<?xml version="1.0" encoding="utf-8"?>
<Project ToolsVersion="4.0" xmlns="http://schemas.microsoft.com/developer/msbuild/2003">
  <ItemGroup>
    <Filter Include="Utilities">
      <UniqueIdentifier>{daaf920f-819b-4f15-8fef-5ce079ac11d5}</UniqueIdentifier>
    </Filter>
    <Filter Include="Utilities\Debug">
      <UniqueIdentifier>{78b42f99-9683-4d75-af1b-1bf8becdb205}</UniqueIdentifier>
    </Filter>
    <Filter Include="Core">
      <UniqueIdentifier>{4FC737F1-C7A5-4376-A066-2A32D752A2FF}</UniqueIdentifier>
      <Extensions>cpp;c;cc;cxx;c++;cppm;ixx;def;odl;idl;hpj;bat;asm;asmx</Extensions>
    </Filter>
    <Filter Include="Scenes">
      <UniqueIdentifier>{f013c009-da9f-4251-a5f6-0a8d4364d4a0}</UniqueIdentifier>
    </Filter>
    <Filter Include="Objects">
      <UniqueIdentifier>{7a35efd0-af59-4037-9dba-ccd19bcb788b}</UniqueIdentifier>
    </Filter>
    <Filter Include="Objects\NPCs">
      <UniqueIdentifier>{09b4214f-a044-4c54-8cda-13ac57b3a1cf}</UniqueIdentifier>
    </Filter>
    <Filter Include="Objects\Player">
      <UniqueIdentifier>{46460a55-fc89-4281-a8d8-3c1f0bddd9b5}</UniqueIdentifier>
    </Filter>
    <Filter Include="Utilities\Strings">
      <UniqueIdentifier>{cc6ce59c-e24b-462c-8ced-901bd1ab9c0e}</UniqueIdentifier>
    </Filter>
    <Filter Include="Objects\Stationary">
      <UniqueIdentifier>{718e95f9-890a-40e8-84ce-fe8a45a5c22d}</UniqueIdentifier>
    </Filter>
    <Filter Include="Graphics">
      <UniqueIdentifier>{e5fe289a-dc3c-4f59-b495-2bd13b3f076c}</UniqueIdentifier>
    </Filter>
    <Filter Include="Utilities\Types">
      <UniqueIdentifier>{826b2ff7-e0b4-4852-828f-32952d91604d}</UniqueIdentifier>
    </Filter>
    <Filter Include="Objects\UI">
      <UniqueIdentifier>{c185cf63-5a8d-40df-991f-de632b0dbcbf}</UniqueIdentifier>
    </Filter>
  </ItemGroup>
  <ItemGroup>
    <ClCompile Include="Debug.cpp">
      <Filter>Utilities\Debug</Filter>
    </ClCompile>
    <ClCompile Include="main.cpp" />
    <ClCompile Include="Game.cpp">
      <Filter>Core</Filter>
    </ClCompile>
    <ClCompile Include="GameObject.cpp">
      <Filter>Objects</Filter>
    </ClCompile>
    <ClCompile Include="Mario.cpp">
      <Filter>Objects\Player</Filter>
    </ClCompile>
    <ClCompile Include="Input.cpp">
      <Filter>Core</Filter>
    </ClCompile>
    <ClCompile Include="Brick.cpp">
      <Filter>Objects\Stationary</Filter>
    </ClCompile>
    <ClCompile Include="Goomba.cpp">
      <Filter>Objects\NPCs</Filter>
    </ClCompile>
    <ClCompile Include="Animations.cpp">
      <Filter>Graphics</Filter>
    </ClCompile>
    <ClCompile Include="AnimationSets.cpp">
      <Filter>Graphics</Filter>
    </ClCompile>
    <ClCompile Include="Scene.cpp">
      <Filter>Scenes</Filter>
    </ClCompile>
    <ClCompile Include="Strings.cpp">
      <Filter>Utilities\Strings</Filter>
    </ClCompile>
    <ClCompile Include="Portal.cpp">
      <Filter>Objects\Stationary</Filter>
    </ClCompile>
    <ClCompile Include="ScenePlayer.cpp">
      <Filter>Scenes</Filter>
    </ClCompile>
    <ClCompile Include="Koopa.cpp">
      <Filter>Objects\NPCs</Filter>
    </ClCompile>
    <ClCompile Include="Sprites.cpp">
      <Filter>Graphics</Filter>
    </ClCompile>
    <ClCompile Include="Textures.cpp">
      <Filter>Graphics</Filter>
    </ClCompile>
    <ClCompile Include="TileMap.cpp">
      <Filter>Graphics</Filter>
    </ClCompile>
    <ClCompile Include="Font.cpp">
      <Filter>Objects\UI</Filter>
    </ClCompile>
    <ClCompile Include="HUD.cpp">
      <Filter>Objects\UI</Filter>
    </ClCompile>
    <ClCompile Include="Collision.cpp">
      <Filter>Core</Filter>
    </ClCompile>
    <ClCompile Include="Camera.cpp">
      <Filter>Core</Filter>
    </ClCompile>
    <ClCompile Include="Grid.cpp">
      <Filter>Scenes</Filter>
    </ClCompile>
  </ItemGroup>
  <ItemGroup>
    <ClInclude Include="Debug.h">
      <Filter>Utilities\Debug</Filter>
    </ClInclude>
    <ClInclude Include="Definition.h">
      <Filter>Core</Filter>
    </ClInclude>
    <ClInclude Include="Game.h">
      <Filter>Core</Filter>
    </ClInclude>
    <ClInclude Include="GameObject.h">
      <Filter>Objects</Filter>
    </ClInclude>
    <ClInclude Include="Mario.h">
      <Filter>Objects\Player</Filter>
    </ClInclude>
    <ClInclude Include="Input.h">
      <Filter>Core</Filter>
    </ClInclude>
    <ClInclude Include="Collision.h">
      <Filter>Core</Filter>
    </ClInclude>
    <ClInclude Include="Brick.h">
      <Filter>Objects\Stationary</Filter>
    </ClInclude>
    <ClInclude Include="Goomba.h">
      <Filter>Objects\NPCs</Filter>
    </ClInclude>
    <ClInclude Include="Animations.h">
      <Filter>Graphics</Filter>
    </ClInclude>
    <ClInclude Include="AnimationSets.h">
      <Filter>Graphics</Filter>
    </ClInclude>
    <ClInclude Include="Scene.h">
      <Filter>Scenes</Filter>
    </ClInclude>
    <ClInclude Include="Strings.h">
      <Filter>Utilities\Strings</Filter>
    </ClInclude>
    <ClInclude Include="Portal.h">
      <Filter>Objects\Stationary</Filter>
    </ClInclude>
    <ClInclude Include="Koopa.h">
      <Filter>Objects\NPCs</Filter>
    </ClInclude>
    <ClInclude Include="ScenePlayer.h">
      <Filter>Scenes</Filter>
    </ClInclude>
    <ClInclude Include="Textures.h">
      <Filter>Graphics</Filter>
    </ClInclude>
    <ClInclude Include="Sprites.h">
      <Filter>Graphics</Filter>
    </ClInclude>
    <ClInclude Include="TileMap.h">
      <Filter>Graphics</Filter>
    </ClInclude>
    <ClInclude Include="Types.h">
      <Filter>Utilities\Types</Filter>
    </ClInclude>
    <ClInclude Include="Font.h">
      <Filter>Objects\UI</Filter>
    </ClInclude>
    <ClInclude Include="HUD.h">
      <Filter>Objects\UI</Filter>
    </ClInclude>
    <ClInclude Include="Camera.h">
      <Filter>Core</Filter>
    </ClInclude>
    <ClInclude Include="Grid.h">
      <Filter>Scenes</Filter>
    </ClInclude>
  </ItemGroup>
  <ItemGroup>
    <None Include="..\docs\classes.cd" />
  </ItemGroup>
</Project>